
Microsoft Visual Studio Solution File, Format Version 12.00
# Visual Studio 2012
Project("{CC5FD16D-436D-48AD-A40C-5A424C6E3E79}") = "XamarinAzureService", "XamarinAzureService\XamarinAzureService.ccproj", "{9F3983DE-4B1E-4591-B8E4-EE06F3FBC2BE}"
EndProject
Project("{FAE04EC0-301F-11D3-BF4B-00C04F79EFBC}") = "XamarinWCFServiceWebRole", "XamarinWCFServiceWebRole\XamarinWCFServiceWebRole.csproj", "{27C02ECF-A7DF-474B-A845-F8A880B97DCD}"
EndProject
Project("{FAE04EC0-301F-11D3-BF4B-00C04F79EFBC}") = "ATFXamarin.Core", "ATFXamarin.Core\ATFXamarin.Core.csproj", "{D9E6EEFC-0C54-4EE7-B655-02D67C9E924E}"
EndProject
Project("{FAE04EC0-301F-11D3-BF4B-00C04F79EFBC}") = "ATFXamarain.Droid", "ATFXamarain.Droid\ATFXamarain.Droid.csproj", "{12EF82D3-1816-44A9-B158-56C225456BAD}"
EndProject
Project("{FAE04EC0-301F-11D3-BF4B-00C04F79EFBC}") = "ATFXamarin.Touch", "ATFXamarin.Touch\ATFXamarin.Touch.csproj", "{8B8DA004-1E97-43A1-B5E9-63F5EE4CB9C2}"
EndProject
Global
	GlobalSection(SolutionConfigurationPlatforms) = preSolution
		Ad-Hoc|Any CPU = Ad-Hoc|Any CPU
		Ad-Hoc|iPhone = Ad-Hoc|iPhone
		Ad-Hoc|iPhoneSimulator = Ad-Hoc|iPhoneSimulator
		Ad-Hoc|Mixed Platforms = Ad-Hoc|Mixed Platforms
		AppStore|Any CPU = AppStore|Any CPU
		AppStore|iPhone = AppStore|iPhone
		AppStore|iPhoneSimulator = AppStore|iPhoneSimulator
		AppStore|Mixed Platforms = AppStore|Mixed Platforms
		Debug|Any CPU = Debug|Any CPU
		Debug|iPhone = Debug|iPhone
		Debug|iPhoneSimulator = Debug|iPhoneSimulator
		Debug|Mixed Platforms = Debug|Mixed Platforms
		Release|Any CPU = Release|Any CPU
		Release|iPhone = Release|iPhone
		Release|iPhoneSimulator = Release|iPhoneSimulator
		Release|Mixed Platforms = Release|Mixed Platforms
	EndGlobalSection
	GlobalSection(ProjectConfigurationPlatforms) = postSolution
		{12EF82D3-1816-44A9-B158-56C225456BAD}.Ad-Hoc|Any CPU.ActiveCfg = Release|Any CPU
		{12EF82D3-1816-44A9-B158-56C225456BAD}.Ad-Hoc|Any CPU.Build.0 = Release|Any CPU
		{12EF82D3-1816-44A9-B158-56C225456BAD}.Ad-Hoc|Any CPU.Deploy.0 = Release|Any CPU
		{12EF82D3-1816-44A9-B158-56C225456BAD}.Ad-Hoc|iPhone.ActiveCfg = Release|Any CPU
		{12EF82D3-1816-44A9-B158-56C225456BAD}.Ad-Hoc|iPhoneSimulator.ActiveCfg = Release|Any CPU
		{12EF82D3-1816-44A9-B158-56C225456BAD}.Ad-Hoc|Mixed Platforms.ActiveCfg = Release|Any CPU
		{12EF82D3-1816-44A9-B158-56C225456BAD}.Ad-Hoc|Mixed Platforms.Build.0 = Release|Any CPU
		{12EF82D3-1816-44A9-B158-56C225456BAD}.Ad-Hoc|Mixed Platforms.Deploy.0 = Release|Any CPU
		{12EF82D3-1816-44A9-B158-56C225456BAD}.AppStore|Any CPU.ActiveCfg = Release|Any CPU
		{12EF82D3-1816-44A9-B158-56C225456BAD}.AppStore|Any CPU.Build.0 = Release|Any CPU
		{12EF82D3-1816-44A9-B158-56C225456BAD}.AppStore|Any CPU.Deploy.0 = Release|Any CPU
		{12EF82D3-1816-44A9-B158-56C225456BAD}.AppStore|iPhone.ActiveCfg = Release|Any CPU
		{12EF82D3-1816-44A9-B158-56C225456BAD}.AppStore|iPhoneSimulator.ActiveCfg = Release|Any CPU
		{12EF82D3-1816-44A9-B158-56C225456BAD}.AppStore|Mixed Platforms.ActiveCfg = Release|Any CPU
		{12EF82D3-1816-44A9-B158-56C225456BAD}.AppStore|Mixed Platforms.Build.0 = Release|Any CPU
		{12EF82D3-1816-44A9-B158-56C225456BAD}.AppStore|Mixed Platforms.Deploy.0 = Release|Any CPU
		{12EF82D3-1816-44A9-B158-56C225456BAD}.Debug|Any CPU.ActiveCfg = Debug|Any CPU
		{12EF82D3-1816-44A9-B158-56C225456BAD}.Debug|Any CPU.Build.0 = Debug|Any CPU
		{12EF82D3-1816-44A9-B158-56C225456BAD}.Debug|Any CPU.Deploy.0 = Debug|Any CPU
		{12EF82D3-1816-44A9-B158-56C225456BAD}.Debug|iPhone.ActiveCfg = Debug|Any CPU
		{12EF82D3-1816-44A9-B158-56C225456BAD}.Debug|iPhoneSimulator.ActiveCfg = Debug|Any CPU
		{12EF82D3-1816-44A9-B158-56C225456BAD}.Debug|Mixed Platforms.ActiveCfg = Debug|Any CPU
		{12EF82D3-1816-44A9-B158-56C225456BAD}.Debug|Mixed Platforms.Build.0 = Debug|Any CPU
		{12EF82D3-1816-44A9-B158-56C225456BAD}.Debug|Mixed Platforms.Deploy.0 = Debug|Any CPU
		{12EF82D3-1816-44A9-B158-56C225456BAD}.Release|Any CPU.ActiveCfg = Release|Any CPU
		{12EF82D3-1816-44A9-B158-56C225456BAD}.Release|Any CPU.Build.0 = Release|Any CPU
		{12EF82D3-1816-44A9-B158-56C225456BAD}.Release|Any CPU.Deploy.0 = Release|Any CPU
		{12EF82D3-1816-44A9-B158-56C225456BAD}.Release|iPhone.ActiveCfg = Release|Any CPU
		{12EF82D3-1816-44A9-B158-56C225456BAD}.Release|iPhoneSimulator.ActiveCfg = Release|Any CPU
		{12EF82D3-1816-44A9-B158-56C225456BAD}.Release|Mixed Platforms.ActiveCfg = Release|Any CPU
		{12EF82D3-1816-44A9-B158-56C225456BAD}.Release|Mixed Platforms.Build.0 = Release|Any CPU
		{12EF82D3-1816-44A9-B158-56C225456BAD}.Release|Mixed Platforms.Deploy.0 = Release|Any CPU
		{27C02ECF-A7DF-474B-A845-F8A880B97DCD}.Ad-Hoc|Any CPU.ActiveCfg = Release|Any CPU
		{27C02ECF-A7DF-474B-A845-F8A880B97DCD}.Ad-Hoc|Any CPU.Build.0 = Release|Any CPU
		{27C02ECF-A7DF-474B-A845-F8A880B97DCD}.Ad-Hoc|iPhone.ActiveCfg = Release|Any CPU
		{27C02ECF-A7DF-474B-A845-F8A880B97DCD}.Ad-Hoc|iPhoneSimulator.ActiveCfg = Release|Any CPU
		{27C02ECF-A7DF-474B-A845-F8A880B97DCD}.Ad-Hoc|Mixed Platforms.ActiveCfg = Release|Any CPU
		{27C02ECF-A7DF-474B-A845-F8A880B97DCD}.Ad-Hoc|Mixed Platforms.Build.0 = Release|Any CPU
		{27C02ECF-A7DF-474B-A845-F8A880B97DCD}.AppStore|Any CPU.ActiveCfg = Release|Any CPU
		{27C02ECF-A7DF-474B-A845-F8A880B97DCD}.AppStore|Any CPU.Build.0 = Release|Any CPU
		{27C02ECF-A7DF-474B-A845-F8A880B97DCD}.AppStore|iPhone.ActiveCfg = Release|Any CPU
		{27C02ECF-A7DF-474B-A845-F8A880B97DCD}.AppStore|iPhoneSimulator.ActiveCfg = Release|Any CPU
		{27C02ECF-A7DF-474B-A845-F8A880B97DCD}.AppStore|Mixed Platforms.ActiveCfg = Release|Any CPU
		{27C02ECF-A7DF-474B-A845-F8A880B97DCD}.AppStore|Mixed Platforms.Build.0 = Release|Any CPU
		{27C02ECF-A7DF-474B-A845-F8A880B97DCD}.Debug|Any CPU.ActiveCfg = Debug|Any CPU
		{27C02ECF-A7DF-474B-A845-F8A880B97DCD}.Debug|Any CPU.Build.0 = Debug|Any CPU
		{27C02ECF-A7DF-474B-A845-F8A880B97DCD}.Debug|iPhone.ActiveCfg = Debug|Any CPU
		{27C02ECF-A7DF-474B-A845-F8A880B97DCD}.Debug|iPhoneSimulator.ActiveCfg = Debug|Any CPU
		{27C02ECF-A7DF-474B-A845-F8A880B97DCD}.Debug|Mixed Platforms.ActiveCfg = Debug|Any CPU
		{27C02ECF-A7DF-474B-A845-F8A880B97DCD}.Debug|Mixed Platforms.Build.0 = Debug|Any CPU
		{27C02ECF-A7DF-474B-A845-F8A880B97DCD}.Release|Any CPU.ActiveCfg = Release|Any CPU
		{27C02ECF-A7DF-474B-A845-F8A880B97DCD}.Release|Any CPU.Build.0 = Release|Any CPU
		{27C02ECF-A7DF-474B-A845-F8A880B97DCD}.Release|iPhone.ActiveCfg = Release|Any CPU
		{27C02ECF-A7DF-474B-A845-F8A880B97DCD}.Release|iPhoneSimulator.ActiveCfg = Release|Any CPU
		{27C02ECF-A7DF-474B-A845-F8A880B97DCD}.Release|Mixed Platforms.ActiveCfg = Release|Any CPU
		{27C02ECF-A7DF-474B-A845-F8A880B97DCD}.Release|Mixed Platforms.Build.0 = Release|Any CPU
		{8B8DA004-1E97-43A1-B5E9-63F5EE4CB9C2}.Ad-Hoc|Any CPU.ActiveCfg = Ad-Hoc|iPhone
		{8B8DA004-1E97-43A1-B5E9-63F5EE4CB9C2}.Ad-Hoc|iPhone.ActiveCfg = Ad-Hoc|iPhone
		{8B8DA004-1E97-43A1-B5E9-63F5EE4CB9C2}.Ad-Hoc|iPhone.Build.0 = Ad-Hoc|iPhone
		{8B8DA004-1E97-43A1-B5E9-63F5EE4CB9C2}.Ad-Hoc|iPhoneSimulator.ActiveCfg = Ad-Hoc|iPhoneSimulator
		{8B8DA004-1E97-43A1-B5E9-63F5EE4CB9C2}.Ad-Hoc|iPhoneSimulator.Build.0 = Ad-Hoc|iPhoneSimulator
		{8B8DA004-1E97-43A1-B5E9-63F5EE4CB9C2}.Ad-Hoc|Mixed Platforms.ActiveCfg = Ad-Hoc|iPhone
		{8B8DA004-1E97-43A1-B5E9-63F5EE4CB9C2}.Ad-Hoc|Mixed Platforms.Build.0 = Ad-Hoc|iPhone
		{8B8DA004-1E97-43A1-B5E9-63F5EE4CB9C2}.AppStore|Any CPU.ActiveCfg = AppStore|iPhone
		{8B8DA004-1E97-43A1-B5E9-63F5EE4CB9C2}.AppStore|iPhone.ActiveCfg = AppStore|iPhone
		{8B8DA004-1E97-43A1-B5E9-63F5EE4CB9C2}.AppStore|iPhone.Build.0 = AppStore|iPhone
		{8B8DA004-1E97-43A1-B5E9-63F5EE4CB9C2}.AppStore|iPhoneSimulator.ActiveCfg = AppStore|iPhoneSimulator
		{8B8DA004-1E97-43A1-B5E9-63F5EE4CB9C2}.AppStore|iPhoneSimulator.Build.0 = AppStore|iPhoneSimulator
		{8B8DA004-1E97-43A1-B5E9-63F5EE4CB9C2}.AppStore|Mixed Platforms.ActiveCfg = AppStore|iPhone
		{8B8DA004-1E97-43A1-B5E9-63F5EE4CB9C2}.AppStore|Mixed Platforms.Build.0 = AppStore|iPhone
		{8B8DA004-1E97-43A1-B5E9-63F5EE4CB9C2}.Debug|Any CPU.ActiveCfg = Debug|iPhone
		{8B8DA004-1E97-43A1-B5E9-63F5EE4CB9C2}.Debug|iPhone.ActiveCfg = Debug|iPhone
		{8B8DA004-1E97-43A1-B5E9-63F5EE4CB9C2}.Debug|iPhone.Build.0 = Debug|iPhone
		{8B8DA004-1E97-43A1-B5E9-63F5EE4CB9C2}.Debug|iPhoneSimulator.ActiveCfg = Debug|iPhoneSimulator
		{8B8DA004-1E97-43A1-B5E9-63F5EE4CB9C2}.Debug|iPhoneSimulator.Build.0 = Debug|iPhoneSimulator
		{8B8DA004-1E97-43A1-B5E9-63F5EE4CB9C2}.Debug|Mixed Platforms.ActiveCfg = Debug|iPhone
		{8B8DA004-1E97-43A1-B5E9-63F5EE4CB9C2}.Debug|Mixed Platforms.Build.0 = Debug|iPhone
		{8B8DA004-1E97-43A1-B5E9-63F5EE4CB9C2}.Release|Any CPU.ActiveCfg = Release|iPhone
		{8B8DA004-1E97-43A1-B5E9-63F5EE4CB9C2}.Release|iPhone.ActiveCfg = Release|iPhone
		{8B8DA004-1E97-43A1-B5E9-63F5EE4CB9C2}.Release|iPhone.Build.0 = Release|iPhone
		{8B8DA004-1E97-43A1-B5E9-63F5EE4CB9C2}.Release|iPhoneSimulator.ActiveCfg = Release|iPhoneSimulator
		{8B8DA004-1E97-43A1-B5E9-63F5EE4CB9C2}.Release|iPhoneSimulator.Build.0 = Release|iPhoneSimulator
		{8B8DA004-1E97-43A1-B5E9-63F5EE4CB9C2}.Release|Mixed Platforms.ActiveCfg = Release|iPhone
		{8B8DA004-1E97-43A1-B5E9-63F5EE4CB9C2}.Release|Mixed Platforms.Build.0 = Release|iPhone
		{9F3983DE-4B1E-4591-B8E4-EE06F3FBC2BE}.Ad-Hoc|Any CPU.ActiveCfg = Release|Any CPU
		{9F3983DE-4B1E-4591-B8E4-EE06F3FBC2BE}.Ad-Hoc|Any CPU.Build.0 = Release|Any CPU
		{9F3983DE-4B1E-4591-B8E4-EE06F3FBC2BE}.Ad-Hoc|iPhone.ActiveCfg = Release|Any CPU
		{9F3983DE-4B1E-4591-B8E4-EE06F3FBC2BE}.Ad-Hoc|iPhoneSimulator.ActiveCfg = Release|Any CPU
		{9F3983DE-4B1E-4591-B8E4-EE06F3FBC2BE}.Ad-Hoc|Mixed Platforms.ActiveCfg = Release|Any CPU
		{9F3983DE-4B1E-4591-B8E4-EE06F3FBC2BE}.Ad-Hoc|Mixed Platforms.Build.0 = Release|Any CPU
		{9F3983DE-4B1E-4591-B8E4-EE06F3FBC2BE}.AppStore|Any CPU.ActiveCfg = Release|Any CPU
		{9F3983DE-4B1E-4591-B8E4-EE06F3FBC2BE}.AppStore|Any CPU.Build.0 = Release|Any CPU
		{9F3983DE-4B1E-4591-B8E4-EE06F3FBC2BE}.AppStore|iPhone.ActiveCfg = Release|Any CPU
		{9F3983DE-4B1E-4591-B8E4-EE06F3FBC2BE}.AppStore|iPhoneSimulator.ActiveCfg = Release|Any CPU
		{9F3983DE-4B1E-4591-B8E4-EE06F3FBC2BE}.AppStore|Mixed Platforms.ActiveCfg = Release|Any CPU
		{9F3983DE-4B1E-4591-B8E4-EE06F3FBC2BE}.AppStore|Mixed Platforms.Build.0 = Release|Any CPU
		{9F3983DE-4B1E-4591-B8E4-EE06F3FBC2BE}.Debug|Any CPU.ActiveCfg = Debug|Any CPU
		{9F3983DE-4B1E-4591-B8E4-EE06F3FBC2BE}.Debug|Any CPU.Build.0 = Debug|Any CPU
		{9F3983DE-4B1E-4591-B8E4-EE06F3FBC2BE}.Debug|iPhone.ActiveCfg = Debug|Any CPU
		{9F3983DE-4B1E-4591-B8E4-EE06F3FBC2BE}.Debug|iPhoneSimulator.ActiveCfg = Debug|Any CPU
		{9F3983DE-4B1E-4591-B8E4-EE06F3FBC2BE}.Debug|Mixed Platforms.ActiveCfg = Debug|Any CPU
		{9F3983DE-4B1E-4591-B8E4-EE06F3FBC2BE}.Debug|Mixed Platforms.Build.0 = Debug|Any CPU
		{9F3983DE-4B1E-4591-B8E4-EE06F3FBC2BE}.Release|Any CPU.ActiveCfg = Release|Any CPU
		{9F3983DE-4B1E-4591-B8E4-EE06F3FBC2BE}.Release|Any CPU.Build.0 = Release|Any CPU
		{9F3983DE-4B1E-4591-B8E4-EE06F3FBC2BE}.Release|iPhone.ActiveCfg = Release|Any CPU
		{9F3983DE-4B1E-4591-B8E4-EE06F3FBC2BE}.Release|iPhoneSimulator.ActiveCfg = Release|Any CPU
		{9F3983DE-4B1E-4591-B8E4-EE06F3FBC2BE}.Release|Mixed Platforms.ActiveCfg = Release|Any CPU
		{9F3983DE-4B1E-4591-B8E4-EE06F3FBC2BE}.Release|Mixed Platforms.Build.0 = Release|Any CPU
		{D9E6EEFC-0C54-4EE7-B655-02D67C9E924E}.Ad-Hoc|Any CPU.ActiveCfg = Debug|Any CPU
		{D9E6EEFC-0C54-4EE7-B655-02D67C9E924E}.Ad-Hoc|Any CPU.Build.0 = Debug|Any CPU
		{D9E6EEFC-0C54-4EE7-B655-02D67C9E924E}.Ad-Hoc|iPhone.ActiveCfg = Debug|Any CPU
		{D9E6EEFC-0C54-4EE7-B655-02D67C9E924E}.Ad-Hoc|iPhone.Build.0 = Debug|Any CPU
		{D9E6EEFC-0C54-4EE7-B655-02D67C9E924E}.Ad-Hoc|iPhoneSimulator.ActiveCfg = Debug|Any CPU
		{D9E6EEFC-0C54-4EE7-B655-02D67C9E924E}.Ad-Hoc|iPhoneSimulator.Build.0 = Debug|Any CPU
		{D9E6EEFC-0C54-4EE7-B655-02D67C9E924E}.Ad-Hoc|Mixed Platforms.ActiveCfg = Debug|Any CPU
		{D9E6EEFC-0C54-4EE7-B655-02D67C9E924E}.Ad-Hoc|Mixed Platforms.Build.0 = Debug|Any CPU
		{D9E6EEFC-0C54-4EE7-B655-02D67C9E924E}.AppStore|Any CPU.ActiveCfg = Debug|Any CPU
		{D9E6EEFC-0C54-4EE7-B655-02D67C9E924E}.AppStore|Any CPU.Build.0 = Debug|Any CPU
		{D9E6EEFC-0C54-4EE7-B655-02D67C9E924E}.AppStore|iPhone.ActiveCfg = Debug|Any CPU
		{D9E6EEFC-0C54-4EE7-B655-02D67C9E924E}.AppStore|iPhone.Build.0 = Debug|Any CPU
		{D9E6EEFC-0C54-4EE7-B655-02D67C9E924E}.AppStore|iPhoneSimulator.ActiveCfg = Debug|Any CPU
		{D9E6EEFC-0C54-4EE7-B655-02D67C9E924E}.AppStore|iPhoneSimulator.Build.0 = Debug|Any CPU
		{D9E6EEFC-0C54-4EE7-B655-02D67C9E924E}.AppStore|Mixed Platforms.ActiveCfg = Debug|Any CPU
		{D9E6EEFC-0C54-4EE7-B655-02D67C9E924E}.AppStore|Mixed Platforms.Build.0 = Debug|Any CPU
		{D9E6EEFC-0C54-4EE7-B655-02D67C9E924E}.Debug|Any CPU.ActiveCfg = Debug|Any CPU
		{D9E6EEFC-0C54-4EE7-B655-02D67C9E924E}.Debug|Any CPU.Build.0 = Debug|Any CPU
		{D9E6EEFC-0C54-4EE7-B655-02D67C9E924E}.Debug|iPhone.ActiveCfg = Debug|Any CPU
		{D9E6EEFC-0C54-4EE7-B655-02D67C9E924E}.Debug|iPhone.Build.0 = Debug|Any CPU
		{D9E6EEFC-0C54-4EE7-B655-02D67C9E924E}.Debug|iPhoneSimulator.ActiveCfg = Debug|Any CPU
		{D9E6EEFC-0C54-4EE7-B655-02D67C9E924E}.Debug|iPhoneSimulator.Build.0 = Debug|Any CPU
		{D9E6EEFC-0C54-4EE7-B655-02D67C9E924E}.Debug|Mixed Platforms.ActiveCfg = Debug|Any CPU
		{D9E6EEFC-0C54-4EE7-B655-02D67C9E924E}.Debug|Mixed Platforms.Build.0 = Debug|Any CPU
		{D9E6EEFC-0C54-4EE7-B655-02D67C9E924E}.Release|Any CPU.ActiveCfg = Release|Any CPU
		{D9E6EEFC-0C54-4EE7-B655-02D67C9E924E}.Release|Any CPU.Build.0 = Release|Any CPU
		{D9E6EEFC-0C54-4EE7-B655-02D67C9E924E}.Release|iPhone.ActiveCfg = Release|Any CPU
		{D9E6EEFC-0C54-4EE7-B655-02D67C9E924E}.Release|iPhone.Build.0 = Release|Any CPU
		{D9E6EEFC-0C54-4EE7-B655-02D67C9E924E}.Release|iPhoneSimulator.ActiveCfg = Release|Any CPU
		{D9E6EEFC-0C54-4EE7-B655-02D67C9E924E}.Release|iPhoneSimulator.Build.0 = Release|Any CPU
		{D9E6EEFC-0C54-4EE7-B655-02D67C9E924E}.Release|Mixed Platforms.ActiveCfg = Release|Any CPU
		{D9E6EEFC-0C54-4EE7-B655-02D67C9E924E}.Release|Mixed Platforms.Build.0 = Release|Any CPU
	EndGlobalSection
	GlobalSection(MonoDevelopProperties) = preSolution
		StartupItem = ATFXamarin.Touch\ATFXamarin.Touch.csproj
	EndGlobalSection
	GlobalSection(TeamFoundationVersionControl) = preSolution
		SccNumberOfProjects = 5
		SccEnterpriseProvider = {4CA58AB2-18FA-4F8D-95D4-32DDF27D184C}
		SccTeamFoundationServer = http://tfs.ey.net:8080/itsolutions
		SccLocalPath0 = .
		SccProjectUniqueName1 = XamarinAzureService\\XamarinAzureService.ccproj
		SccProjectName1 = XamarinAzureService
		SccLocalPath1 = XamarinAzureService
		SccProjectUniqueName2 = XamarinWCFServiceWebRole\\XamarinWCFServiceWebRole.csproj
		SccProjectName2 = XamarinWCFServiceWebRole
		SccLocalPath2 = XamarinWCFServiceWebRole
		SccProjectUniqueName3 = ATFXamarin.Core\\ATFXamarin.Core.csproj
		SccProjectName3 = ATFXamarin.Core
		SccLocalPath3 = ATFXamarin.Core
		SccProjectUniqueName4 = ATFXamarain.Droid\\ATFXamarain.Droid.csproj
		SccProjectName4 = ATFXamarain.Droid
		SccLocalPath4 = ATFXamarain.Droid
	EndGlobalSection
	GlobalSection(SolutionProperties) = preSolution
		HideSolutionNode = FALSE
	EndGlobalSection
EndGlobal
